PODS:
  - audioplayers_darwin (0.0.1):
    - Flutter
    - FlutterMacOS
  - Flutter (1.0.0)
  - flutter_secure_storage (6.0.0):
    - Flutter
  - onesignal_flutter (5.2.1):
    - Flutter
    - OneSignalXCFramework (= 5.2.1)
  - OneSignalXCFramework (5.2.1):
    - OneSignalXCFramework/OneSignalComplete (= 5.2.1)
  - OneSignalXCFramework/OneSignal (5.2.1):
    - OneSignalXCFramework/OneSignalCore
    - OneSignalXCFramework/OneSignalExtension
    - OneSignalXCFramework/OneSignalLiveActivities
    - OneSignalXCFramework/OneSignalNotifications
    - OneSignalXCFramework/OneSignalOSCore
    - OneSignalXCFramework/OneSignalOutcomes
    - OneSignalXCFramework/OneSignalUser
  - OneSignalXCFramework/OneSignalComplete (5.2.1):
    - OneSignalXCFramework/OneSignal
    - OneSignalXCFramework/OneSignalInAppMessages
    - OneSignalXCFramework/OneSignalLocation
  - OneSignalXCFramework/OneSignalCore (5.2.1)
  - OneSignalXCFramework/OneSignalExtension (5.2.1):
    - OneSignalXCFramework/OneSignalCore
    - OneSignalXCFramework/OneSignalOutcomes
  - OneSignalXCFramework/OneSignalInAppMessages (5.2.1):
    - OneSignalXCFramework/OneSignalCore
    - OneSignalXCFramework/OneSignalNotifications
    - OneSignalXCFramework/OneSignalOSCore
    - OneSignalXCFramework/OneSignalOutcomes
    - OneSignalXCFramework/OneSignalUser
  - OneSignalXCFramework/OneSignalLiveActivities (5.2.1):
    - OneSignalXCFramework/OneSignalCore
    - OneSignalXCFramework/OneSignalOSCore
    - OneSignalXCFramework/OneSignalUser
  - OneSignalXCFramework/OneSignalLocation (5.2.1):
    - OneSignalXCFramework/OneSignalCore
    - OneSignalXCFramework/OneSignalNotifications
    - OneSignalXCFramework/OneSignalOSCore
    - OneSignalXCFramework/OneSignalUser
  - OneSignalXCFramework/OneSignalNotifications (5.2.1):
    - OneSignalXCFramework/OneSignalCore
    - OneSignalXCFramework/OneSignalExtension
    - OneSignalXCFramework/OneSignalOutcomes
  - OneSignalXCFramework/OneSignalOSCore (5.2.1):
    - OneSignalXCFramework/OneSignalCore
  - OneSignalXCFramework/OneSignalOutcomes (5.2.1):
    - OneSignalXCFramework/OneSignalCore
  - OneSignalXCFramework/OneSignalUser (5.2.1):
    - OneSignalXCFramework/OneSignalCore
    - OneSignalXCFramework/OneSignalNotifications
    - OneSignalXCFramework/OneSignalOSCore
    - OneSignalXCFramework/OneSignalOutcomes
  - path_provider_foundation (0.0.1):
    - Flutter
    - FlutterMacOS
  - shared_preferences_foundation (0.0.1):
    - Flutter
    - FlutterMacOS

DEPENDENCIES:
  - audioplayers_darwin (from `.symlinks/plugins/audioplayers_darwin/darwin`)
  - Flutter (from `Flutter`)
  - flutter_secure_storage (from `.symlinks/plugins/flutter_secure_storage/ios`)
  - onesignal_flutter (from `.symlinks/plugins/onesignal_flutter/ios`)
  - OneSignalXCFramework (< 6.0, >= 5.0.0)
  - path_provider_foundation (from `.symlinks/plugins/path_provider_foundation/darwin`)
  - shared_preferences_foundation (from `.symlinks/plugins/shared_preferences_foundation/darwin`)

SPEC REPOS:
  trunk:
    - OneSignalXCFramework

EXTERNAL SOURCES:
  audioplayers_darwin:
    :path: ".symlinks/plugins/audioplayers_darwin/darwin"
  Flutter:
    :path: Flutter
  flutter_secure_storage:
    :path: ".symlinks/plugins/flutter_secure_storage/ios"
  onesignal_flutter:
    :path: ".symlinks/plugins/onesignal_flutter/ios"
  path_provider_foundation:
    :path: ".symlinks/plugins/path_provider_foundation/darwin"
  shared_preferences_foundation:
    :path: ".symlinks/plugins/shared_preferences_foundation/darwin"

SPEC CHECKSUMS:
  audioplayers_darwin: 4f9ca89d92d3d21cec7ec580e78ca888e5fb68bd
  Flutter: e0871f40cf51350855a761d2e70bf5af5b9b5de7
  flutter_secure_storage: 1ed9476fba7e7a782b22888f956cce43e2c62f13
  onesignal_flutter: b54416c4d09c8e9c357c269d62d2cb0c4f3ac7fb
  OneSignalXCFramework: fbafb3b4964a37f8b0ff273419d1c0e5ac0e07d6
  path_provider_foundation: 080d55be775b7414fd5a5ef3ac137b97b097e564
  shared_preferences_foundation: 9e1978ff2562383bd5676f64ec4e9aa8fa06a6f7

PODFILE CHECKSUM: b3c2f1bd9cf9d73263fbf7daaf71dc489e1ebeae

COCOAPODS: 1.16.2
